
Microsoft Visual Studio Solution File, Format Version 12.00
# Visual Studio Version 16
VisualStudioVersion = 16.0.30114.105
MinimumVisualStudioVersion = 10.0.40219.1
Project("{FAE04EC0-301F-11D3-BF4B-00C04F79EFBC}") = "InstutiteFineArt", "InstutiteFineArt\InstutiteFineArt.csproj", "{9875E77C-EEF1-401D-AF5D-0F52B0194AD9}"
EndProject
Project("{FAE04EC0-301F-11D3-BF4B-00C04F79EFBC}") = "InstutiteOfFineArt.Core", "InstutiteOfFineArt.Core\InstutiteOfFineArt.Core.csproj", "{00B15434-2461-4658-BACB-0DEF2B36ABA5}"
EndProject
Global
	GlobalSection(SolutionConfigurationPlatforms) = preSolution
		Debug|Any CPU = Debug|Any CPU
		Release|Any CPU = Release|Any CPU
	EndGlobalSection
	GlobalSection(ProjectConfigurationPlatforms) = postSolution
		{9875E77C-EEF1-401D-AF5D-0F52B0194AD9}.Debug|Any CPU.ActiveCfg = Debug|Any CPU
		{9875E77C-EEF1-401D-AF5D-0F52B0194AD9}.Debug|Any CPU.Build.0 = Debug|Any CPU
		{9875E77C-EEF1-401D-AF5D-0F52B0194AD9}.Release|Any CPU.ActiveCfg = Release|Any CPU
		{9875E77C-EEF1-401D-AF5D-0F52B0194AD9}.Release|Any CPU.Build.0 = Release|Any CPU
		{00B15434-2461-4658-BACB-0DEF2B36ABA5}.Debug|Any CPU.ActiveCfg = Debug|Any CPU
		{00B15434-2461-4658-BACB-0DEF2B36ABA5}.Debug|Any CPU.Build.0 = Debug|Any CPU
		{00B15434-2461-4658-BACB-0DEF2B36ABA5}.Release|Any CPU.ActiveCfg = Release|Any CPU
		{00B15434-2461-4658-BACB-0DEF2B36ABA5}.Release|Any CPU.Build.0 = Release|Any CPU
	EndGlobalSection
	GlobalSection(SolutionProperties) = preSolution
		HideSolutionNode = FALSE
	EndGlobalSection
	GlobalSection(ExtensibilityGlobals) = postSolution
		SolutionGuid = {2278F645-DA6A-4BEC-ADAB-FDD37D701BA3}
	EndGlobalSection
EndGlobal
